
Microsoft Visual Studio Solution File, Format Version 12.00
# Visual Studio Version 16
VisualStudioVersion = 16.0.33927.289
MinimumVisualStudioVersion = 10.0.40219.1
Project("{FAE04EC0-301F-11D3-BF4B-00C04F79EFBC}") = "Elefant", "Elefant\Elefant.csproj", "{9F85CB07-D19E-4048-ABDA-D4C698C8A88D}"
EndProject
Global
	GlobalSection(SolutionConfigurationPlatforms) = preSolution
		Debug|Any CPU = Debug|Any CPU
		Release|Any CPU = Release|Any CPU
	EndGlobalSection
	GlobalSection(ProjectConfigurationPlatforms) = postSolution
		{9F85CB07-D19E-4048-ABDA-D4C698C8A88D}.Debug|Any CPU.ActiveCfg = Debug|Any CPU
		{9F85CB07-D19E-4048-ABDA-D4C698C8A88D}.Debug|Any CPU.Build.0 = Debug|Any CPU
		{9F85CB07-D19E-4048-ABDA-D4C698C8A88D}.Release|Any CPU.ActiveCfg = Release|Any CPU
		{9F85CB07-D19E-4048-ABDA-D4C698C8A88D}.Release|Any CPU.Build.0 = Release|Any CPU
	EndGlobalSection
	GlobalSection(SolutionProperties) = preSolution
		HideSolutionNode = FALSE
	EndGlobalSection
	GlobalSection(ExtensibilityGlobals) = postSolution
		SolutionGuid = {556E1DA2-44E8-40AC-874B-667732147550}
	EndGlobalSection
EndGlobal
